// !$*UTF8*$!
{
	archiveVersion = 1;
	classes = {
	};
	objectVersion = 46;
	objects = {

/* Begin PBXBuildFile section */
		391A82A61C9D5109000E95FB /* AppDelegate.swift in Sources */ = {isa = PBXBuildFile; fileRef = 391A82A51C9D5109000E95FB /* AppDelegate.swift */; };
		391A82AB1C9D5109000E95FB /* Main.storyboard in Resources */ = {isa = PBXBuildFile; fileRef = 391A82A91C9D5109000E95FB /* Main.storyboard */; };
		391A82AD1C9D5109000E95FB /* Assets.xcassets in Resources */ = {isa = PBXBuildFile; fileRef = 391A82AC1C9D5109000E95FB /* Assets.xcassets */; };
		391A82B01C9D5109000E95FB /* LaunchScreen.storyboard in Resources */ = {isa = PBXBuildFile; fileRef = 391A82AE1C9D5109000E95FB /* LaunchScreen.storyboard */; };
		391A82BB1C9D5109000E95FB /* AwesomeHeroesTests.swift in Sources */ = {isa = PBXBuildFile; fileRef = 391A82BA1C9D5109000E95FB /* AwesomeHeroesTests.swift */; };
		391A82C61C9D5109000E95FB /* AwesomeHeroesUITests.swift in Sources */ = {isa = PBXBuildFile; fileRef = 391A82C51C9D5109000E95FB /* AwesomeHeroesUITests.swift */; };
		391A82DD1C9D531D000E95FB /* HeroesCollectionViewController.swift in Sources */ = {isa = PBXBuildFile; fileRef = 391A82DC1C9D531D000E95FB /* HeroesCollectionViewController.swift */; };
		391A82DF1C9D5408000E95FB /* APIConstantsManager.swift in Sources */ = {isa = PBXBuildFile; fileRef = 391A82DE1C9D5408000E95FB /* APIConstantsManager.swift */; };
		391A82E11C9D5436000E95FB /* APIConstants.plist in Resources */ = {isa = PBXBuildFile; fileRef = 391A82E01C9D5436000E95FB /* APIConstants.plist */; };
		391A82E71C9D596A000E95FB /* ReactiveCocoa.framework in Frameworks */ = {isa = PBXBuildFile; fileRef = 391A82E41C9D596A000E95FB /* ReactiveCocoa.framework */; };
		391A82E81C9D596A000E95FB /* Result.framework in Frameworks */ = {isa = PBXBuildFile; fileRef = 391A82E51C9D596A000E95FB /* Result.framework */; };
		391A82EA1C9D5980000E95FB /* ObjectMapper.framework in Frameworks */ = {isa = PBXBuildFile; fileRef = 391A82E91C9D5980000E95FB /* ObjectMapper.framework */; };
		391A82EF1C9D5B2A000E95FB /* CharactersModel.swift in Sources */ = {isa = PBXBuildFile; fileRef = 391A82EE1C9D5B2A000E95FB /* CharactersModel.swift */; };
		391A82F11C9D5B44000E95FB /* CharacterModel.swift in Sources */ = {isa = PBXBuildFile; fileRef = 391A82F01C9D5B44000E95FB /* CharacterModel.swift */; };
		391A82F51C9D5E47000E95FB /* CharactersManager.swift in Sources */ = {isa = PBXBuildFile; fileRef = 391A82F41C9D5E47000E95FB /* CharactersManager.swift */; };
		391A82F81C9D5E72000E95FB /* ParserManager.swift in Sources */ = {isa = PBXBuildFile; fileRef = 391A82F71C9D5E72000E95FB /* ParserManager.swift */; };
		391A82FB1C9D5E79000E95FB /* NetworkManager.swift in Sources */ = {isa = PBXBuildFile; fileRef = 391A82FA1C9D5E79000E95FB /* NetworkManager.swift */; };
		391A82FD1C9D6013000E95FB /* API.swift in Sources */ = {isa = PBXBuildFile; fileRef = 391A82FC1C9D6013000E95FB /* API.swift */; };
		391A82FF1C9D61A0000E95FB /* CharactersModelInfo.swift in Sources */ = {isa = PBXBuildFile; fileRef = 391A82FE1C9D61A0000E95FB /* CharactersModelInfo.swift */; };
		391A83051C9D709A000E95FB /* MarvelProductionInfo.swift in Sources */ = {isa = PBXBuildFile; fileRef = 391A83041C9D709A000E95FB /* MarvelProductionInfo.swift */; };
		391A830A1C9D7231000E95FB /* String+MD5.swift in Sources */ = {isa = PBXBuildFile; fileRef = 391A83091C9D7231000E95FB /* String+MD5.swift */; };
		391A830D1C9D7658000E95FB /* HashMarvel.swift in Sources */ = {isa = PBXBuildFile; fileRef = 391A830C1C9D7658000E95FB /* HashMarvel.swift */; };
		391A830F1C9D78DB000E95FB /* HeroesCollectionViewModel.swift in Sources */ = {isa = PBXBuildFile; fileRef = 391A830E1C9D78DB000E95FB /* HeroesCollectionViewModel.swift */; };
		391A83111C9D7A1B000E95FB /* HeroCell.swift in Sources */ = {isa = PBXBuildFile; fileRef = 391A83101C9D7A1B000E95FB /* HeroCell.swift */; };
		391A83141C9D7A4F000E95FB /* HeroesLayout.swift in Sources */ = {isa = PBXBuildFile; fileRef = 391A83131C9D7A4F000E95FB /* HeroesLayout.swift */; };
		391A83161C9D8924000E95FB /* CharacterThumbnailModel.swift in Sources */ = {isa = PBXBuildFile; fileRef = 391A83151C9D8924000E95FB /* CharacterThumbnailModel.swift */; };
		391A83191C9DBF26000E95FB /* RAC.swift in Sources */ = {isa = PBXBuildFile; fileRef = 391A83181C9DBF26000E95FB /* RAC.swift */; };
		391A831B1C9DC191000E95FB /* HeroCellViewModel.swift in Sources */ = {isa = PBXBuildFile; fileRef = 391A831A1C9DC191000E95FB /* HeroCellViewModel.swift */; };
		93C6D8CFAE5F9CFD86749922 /* Pods.framework in Frameworks */ = {isa = PBXBuildFile; fileRef = FA6A79693523EE18631DDA75 /* Pods.framework */; };
/* End PBXBuildFile section */

/* Begin PBXContainerItemProxy section */
		391A82B71C9D5109000E95FB /* PBXContainerItemProxy */ = {
			isa = PBXContainerItemProxy;
			containerPortal = 391A829A1C9D5109000E95FB /* Project object */;
			proxyType = 1;
			remoteGlobalIDString = 391A82A11C9D5109000E95FB;
			remoteInfo = AwesomeHeroes;
		};
		391A82C21C9D5109000E95FB /* PBXContainerItemProxy */ = {
			isa = PBXContainerItemProxy;
			containerPortal = 391A829A1C9D5109000E95FB /* Project object */;
			proxyType = 1;
			remoteGlobalIDString = 391A82A11C9D5109000E95FB;
			remoteInfo = AwesomeHeroes;
		};
/* End PBXContainerItemProxy section */

/* Begin PBXFileReference section */
		200B038F0E9B2AD961F96C69 /* Pods.debug.xcconfig */ = {isa = PBXFileReference; includeInIndex = 1; lastKnownFileType = text.xcconfig; name = Pods.debug.xcconfig; path = "Pods/Target Support Files/Pods/Pods.debug.xcconfig"; sourceTree = "<group>"; };
		391A82A21C9D5109000E95FB /* AwesomeHeroes.app */ = {isa = PBXFileReference; explicitFileType = wrapper.application; includeInIndex = 0; path = AwesomeHeroes.app; sourceTree = BUILT_PRODUCTS_DIR; };
		391A82A51C9D5109000E95FB /* AppDelegate.swift */ = {isa = PBXFileReference; lastKnownFileType = sourcecode.swift; path = AppDelegate.swift; sourceTree = "<group>"; };
		391A82AA1C9D5109000E95FB /* Base */ = {isa = PBXFileReference; lastKnownFileType = file.storyboard; name = Base; path = Base.lproj/Main.storyboard; sourceTree = "<group>"; };
		391A82AC1C9D5109000E95FB /* Assets.xcassets */ = {isa = PBXFileReference; lastKnownFileType = folder.assetcatalog; path = Assets.xcassets; sourceTree = "<group>"; };
		391A82AF1C9D5109000E95FB /* Base */ = {isa = PBXFileReference; lastKnownFileType = file.storyboard; name = Base; path = Base.lproj/LaunchScreen.storyboard; sourceTree = "<group>"; };
		391A82B11C9D5109000E95FB /* Info.plist */ = {isa = PBXFileReference; lastKnownFileType = text.plist.xml; path = Info.plist; sourceTree = "<group>"; };
		391A82B61C9D5109000E95FB /* AwesomeHeroesTests.xctest */ = {isa = PBXFileReference; explicitFileType = wrapper.cfbundle; includeInIndex = 0; path = AwesomeHeroesTests.xctest; sourceTree = BUILT_PRODUCTS_DIR; };
		391A82BA1C9D5109000E95FB /* AwesomeHeroesTests.swift */ = {isa = PBXFileReference; lastKnownFileType = sourcecode.swift; path = AwesomeHeroesTests.swift; sourceTree = "<group>"; };
		391A82BC1C9D5109000E95FB /* Info.plist */ = {isa = PBXFileReference; lastKnownFileType = text.plist.xml; path = Info.plist; sourceTree = "<group>"; };
		391A82C11C9D5109000E95FB /* AwesomeHeroesUITests.xctest */ = {isa = PBXFileReference; explicitFileType = wrapper.cfbundle; includeInIndex = 0; path = AwesomeHeroesUITests.xctest; sourceTree = BUILT_PRODUCTS_DIR; };
		391A82C51C9D5109000E95FB /* AwesomeHeroesUITests.swift */ = {isa = PBXFileReference; lastKnownFileType = sourcecode.swift; path = AwesomeHeroesUITests.swift; sourceTree = "<group>"; };
		391A82C71C9D5109000E95FB /* Info.plist */ = {isa = PBXFileReference; lastKnownFileType = text.plist.xml; path = Info.plist; sourceTree = "<group>"; };
		391A82DC1C9D531D000E95FB /* HeroesCollectionViewController.swift */ = {isa = PBXFileReference; fileEncoding = 4; lastKnownFileType = sourcecode.swift; path = HeroesCollectionViewController.swift; sourceTree = "<group>"; };
		391A82DE1C9D5408000E95FB /* APIConstantsManager.swift */ = {isa = PBXFileReference; fileEncoding = 4; lastKnownFileType = sourcecode.swift; path = APIConstantsManager.swift; sourceTree = "<group>"; };
		391A82E01C9D5436000E95FB /* APIConstants.plist */ = {isa = PBXFileReference; fileEncoding = 4; lastKnownFileType = text.plist.xml; path = APIConstants.plist; sourceTree = "<group>"; };
		391A82E41C9D596A000E95FB /* ReactiveCocoa.framework */ = {isa = PBXFileReference; lastKnownFileType = wrapper.framework; name = ReactiveCocoa.framework; path = ../Carthage/Build/iOS/ReactiveCocoa.framework; sourceTree = "<group>"; };
		391A82E51C9D596A000E95FB /* Result.framework */ = {isa = PBXFileReference; lastKnownFileType = wrapper.framework; name = Result.framework; path = ../Carthage/Build/iOS/Result.framework; sourceTree = "<group>"; };
		391A82E91C9D5980000E95FB /* ObjectMapper.framework */ = {isa = PBXFileReference; lastKnownFileType = wrapper.framework; name = ObjectMapper.framework; path = ../Carthage/Build/iOS/ObjectMapper.framework; sourceTree = "<group>"; };
		391A82EE1C9D5B2A000E95FB /* CharactersModel.swift */ = {isa = PBXFileReference; fileEncoding = 4; lastKnownFileType = sourcecode.swift; path = CharactersModel.swift; sourceTree = "<group>"; };
		391A82F01C9D5B44000E95FB /* CharacterModel.swift */ = {isa = PBXFileReference; fileEncoding = 4; lastKnownFileType = sourcecode.swift; path = CharacterModel.swift; sourceTree = "<group>"; };
		391A82F41C9D5E47000E95FB /* CharactersManager.swift */ = {isa = PBXFileReference; fileEncoding = 4; lastKnownFileType = sourcecode.swift; path = CharactersManager.swift; sourceTree = "<group>"; };
		391A82F71C9D5E72000E95FB /* ParserManager.swift */ = {isa = PBXFileReference; fileEncoding = 4; lastKnownFileType = sourcecode.swift; path = ParserManager.swift; sourceTree = "<group>"; };
		391A82FA1C9D5E79000E95FB /* NetworkManager.swift */ = {isa = PBXFileReference; fileEncoding = 4; lastKnownFileType = sourcecode.swift; path = NetworkManager.swift; sourceTree = "<group>"; };
		391A82FC1C9D6013000E95FB /* API.swift */ = {isa = PBXFileReference; fileEncoding = 4; lastKnownFileType = sourcecode.swift; path = API.swift; sourceTree = "<group>"; };
		391A82FE1C9D61A0000E95FB /* CharactersModelInfo.swift */ = {isa = PBXFileReference; fileEncoding = 4; lastKnownFileType = sourcecode.swift; path = CharactersModelInfo.swift; sourceTree = "<group>"; };
		391A83001C9D6A77000E95FB /* AwesomeHeroes-Bridging-Header.h */ = {isa = PBXFileReference; lastKnownFileType = sourcecode.c.h; path = "AwesomeHeroes-Bridging-Header.h"; sourceTree = "<group>"; };
		391A83041C9D709A000E95FB /* MarvelProductionInfo.swift */ = {isa = PBXFileReference; fileEncoding = 4; lastKnownFileType = sourcecode.swift; path = MarvelProductionInfo.swift; sourceTree = "<group>"; };
		391A83091C9D7231000E95FB /* String+MD5.swift */ = {isa = PBXFileReference; fileEncoding = 4; lastKnownFileType = sourcecode.swift; path = "String+MD5.swift"; sourceTree = "<group>"; };
		391A830C1C9D7658000E95FB /* HashMarvel.swift */ = {isa = PBXFileReference; fileEncoding = 4; lastKnownFileType = sourcecode.swift; path = HashMarvel.swift; sourceTree = "<group>"; };
		391A830E1C9D78DB000E95FB /* HeroesCollectionViewModel.swift */ = {isa = PBXFileReference; fileEncoding = 4; lastKnownFileType = sourcecode.swift; path = HeroesCollectionViewModel.swift; sourceTree = "<group>"; };
		391A83101C9D7A1B000E95FB /* HeroCell.swift */ = {isa = PBXFileReference; fileEncoding = 4; lastKnownFileType = sourcecode.swift; path = HeroCell.swift; sourceTree = "<group>"; };
		391A83131C9D7A4F000E95FB /* HeroesLayout.swift */ = {isa = PBXFileReference; fileEncoding = 4; lastKnownFileType = sourcecode.swift; path = HeroesLayout.swift; sourceTree = "<group>"; };
		391A83151C9D8924000E95FB /* CharacterThumbnailModel.swift */ = {isa = PBXFileReference; fileEncoding = 4; lastKnownFileType = sourcecode.swift; path = CharacterThumbnailModel.swift; sourceTree = "<group>"; };
		391A83181C9DBF26000E95FB /* RAC.swift */ = {isa = PBXFileReference; fileEncoding = 4; lastKnownFileType = sourcecode.swift; path = RAC.swift; sourceTree = "<group>"; };
		391A831A1C9DC191000E95FB /* HeroCellViewModel.swift */ = {isa = PBXFileReference; fileEncoding = 4; lastKnownFileType = sourcecode.swift; path = HeroCellViewModel.swift; sourceTree = "<group>"; };
		EF6BB0D3029FF78B85DDABFB /* Pods.release.xcconfig */ = {isa = PBXFileReference; includeInIndex = 1; lastKnownFileType = text.xcconfig; name = Pods.release.xcconfig; path = "Pods/Target Support Files/Pods/Pods.release.xcconfig"; sourceTree = "<group>"; };
		FA6A79693523EE18631DDA75 /* Pods.framework */ = {isa = PBXFileReference; explicitFileType = wrapper.framework; includeInIndex = 0; path = Pods.framework; sourceTree = BUILT_PRODUCTS_DIR; };
/* End PBXFileReference section */

/* Begin PBXFrameworksBuildPhase section */
		391A829F1C9D5109000E95FB /* Frameworks */ = {
			isa = PBXFrameworksBuildPhase;
			buildActionMask = 2147483647;
			files = (
				391A82EA1C9D5980000E95FB /* ObjectMapper.framework in Frameworks */,
				391A82E71C9D596A000E95FB /* ReactiveCocoa.framework in Frameworks */,
				391A82E81C9D596A000E95FB /* Result.framework in Frameworks */,
				93C6D8CFAE5F9CFD86749922 /* Pods.framework in Frameworks */,
			);
			runOnlyForDeploymentPostprocessing = 0;
		};
		391A82B31C9D5109000E95FB /* Frameworks */ = {
			isa = PBXFrameworksBuildPhase;
			buildActionMask = 2147483647;
			files = (
			);
			runOnlyForDeploymentPostprocessing = 0;
		};
		391A82BE1C9D5109000E95FB /* Frameworks */ = {
			isa = PBXFrameworksBuildPhase;
			buildActionMask = 2147483647;
			files = (
			);
			runOnlyForDeploymentPostprocessing = 0;
		};
/* End PBXFrameworksBuildPhase section */

/* Begin PBXGroup section */
		391A82991C9D5109000E95FB = {
			isa = PBXGroup;
			children = (
				391A82A41C9D5109000E95FB /* AwesomeHeroes */,
				391A82B91C9D5109000E95FB /* AwesomeHeroesTests */,
				391A82C41C9D5109000E95FB /* AwesomeHeroesUITests */,
				391A82A31C9D5109000E95FB /* Products */,
				39421A478600CE03B878CA26 /* Pods */,
				D7D9DEF1E35F7170BC5F4C2A /* Frameworks */,
			);
			sourceTree = "<group>";
		};
		391A82A31C9D5109000E95FB /* Products */ = {
			isa = PBXGroup;
			children = (
				391A82A21C9D5109000E95FB /* AwesomeHeroes.app */,
				391A82B61C9D5109000E95FB /* AwesomeHeroesTests.xctest */,
				391A82C11C9D5109000E95FB /* AwesomeHeroesUITests.xctest */,
			);
			name = Products;
			sourceTree = "<group>";
		};
		391A82A41C9D5109000E95FB /* AwesomeHeroes */ = {
			isa = PBXGroup;
			children = (
				391A82A51C9D5109000E95FB /* AppDelegate.swift */,
				391A82D81C9D52FC000E95FB /* Collection Heroes */,
				391A83171C9DBF1B000E95FB /* RACUtils */,
				391A82D31C9D52AD000E95FB /* Repositories */,
				391A82EB1C9D59AE000E95FB /* Carthage */,
				391A82A91C9D5109000E95FB /* Main.storyboard */,
				391A82AC1C9D5109000E95FB /* Assets.xcassets */,
				391A82AE1C9D5109000E95FB /* LaunchScreen.storyboard */,
				391A82B11C9D5109000E95FB /* Info.plist */,
				391A83001C9D6A77000E95FB /* AwesomeHeroes-Bridging-Header.h */,
			);
			path = AwesomeHeroes;
			sourceTree = "<group>";
		};
		391A82B91C9D5109000E95FB /* AwesomeHeroesTests */ = {
			isa = PBXGroup;
			children = (
				391A82BA1C9D5109000E95FB /* AwesomeHeroesTests.swift */,
				391A82BC1C9D5109000E95FB /* Info.plist */,
			);
			path = AwesomeHeroesTests;
			sourceTree = "<group>";
		};
		391A82C41C9D5109000E95FB /* AwesomeHeroesUITests */ = {
			isa = PBXGroup;
			children = (
				391A82C51C9D5109000E95FB /* AwesomeHeroesUITests.swift */,
				391A82C71C9D5109000E95FB /* Info.plist */,
			);
			path = AwesomeHeroesUITests;
			sourceTree = "<group>";
		};
		391A82D31C9D52AD000E95FB /* Repositories */ = {
			isa = PBXGroup;
			children = (
				391A82D41C9D52AD000E95FB /* API */,
				391A83081C9D7231000E95FB /* Extensions */,
			);
			path = Repositories;
			sourceTree = "<group>";
		};
		391A82D41C9D52AD000E95FB /* API */ = {
			isa = PBXGroup;
			children = (
				391A82FC1C9D6013000E95FB /* API.swift */,
				391A82D51C9D52AD000E95FB /* Managers */,
				391A82D61C9D52AD000E95FB /* Models */,
				391A830B1C9D7642000E95FB /* Helpers */,
				391A82D71C9D52AD000E95FB /* Utils */,
			);
			path = API;
			sourceTree = "<group>";
		};
		391A82D51C9D52AD000E95FB /* Managers */ = {
			isa = PBXGroup;
			children = (
				391A82F41C9D5E47000E95FB /* CharactersManager.swift */,
				391A82F61C9D5E72000E95FB /* Parser */,
				391A82F91C9D5E79000E95FB /* Network */,
			);
			path = Managers;
			sourceTree = "<group>";
		};
		391A82D61C9D52AD000E95FB /* Models */ = {
			isa = PBXGroup;
			children = (
				391A82EE1C9D5B2A000E95FB /* CharactersModel.swift */,
				391A82FE1C9D61A0000E95FB /* CharactersModelInfo.swift */,
				391A82F01C9D5B44000E95FB /* CharacterModel.swift */,
				391A83151C9D8924000E95FB /* CharacterThumbnailModel.swift */,
			);
			path = Models;
			sourceTree = "<group>";
		};
		391A82D71C9D52AD000E95FB /* Utils */ = {
			isa = PBXGroup;
			children = (
				391A83041C9D709A000E95FB /* MarvelProductionInfo.swift */,
				391A82DE1C9D5408000E95FB /* APIConstantsManager.swift */,
				391A82E01C9D5436000E95FB /* APIConstants.plist */,
			);
			path = Utils;
			sourceTree = "<group>";
		};
		391A82D81C9D52FC000E95FB /* Collection Heroes */ = {
			isa = PBXGroup;
			children = (
				391A82D91C9D52FC000E95FB /* Controller */,
				391A82DB1C9D52FC000E95FB /* ViewModel */,
				391A82DA1C9D52FC000E95FB /* View */,
				391A83121C9D7A3F000E95FB /* Layout */,
			);
			path = "Collection Heroes";
			sourceTree = "<group>";
		};
		391A82D91C9D52FC000E95FB /* Controller */ = {
			isa = PBXGroup;
			children = (
				391A82DC1C9D531D000E95FB /* HeroesCollectionViewController.swift */,
			);
			path = Controller;
			sourceTree = "<group>";
		};
		391A82DA1C9D52FC000E95FB /* View */ = {
			isa = PBXGroup;
			children = (
				391A83101C9D7A1B000E95FB /* HeroCell.swift */,
				391A831A1C9DC191000E95FB /* HeroCellViewModel.swift */,
			);
			path = View;
			sourceTree = "<group>";
		};
		391A82DB1C9D52FC000E95FB /* ViewModel */ = {
			isa = PBXGroup;
			children = (
				391A830E1C9D78DB000E95FB /* HeroesCollectionViewModel.swift */,
			);
			path = ViewModel;
			sourceTree = "<group>";
		};
		391A82EB1C9D59AE000E95FB /* Carthage */ = {
			isa = PBXGroup;
			children = (
				391A82E91C9D5980000E95FB /* ObjectMapper.framework */,
				391A82E41C9D596A000E95FB /* ReactiveCocoa.framework */,
				391A82E51C9D596A000E95FB /* Result.framework */,
			);
			name = Carthage;
			sourceTree = "<group>";
		};
		391A82F61C9D5E72000E95FB /* Parser */ = {
			isa = PBXGroup;
			children = (
				391A82F71C9D5E72000E95FB /* ParserManager.swift */,
			);
			path = Parser;
			sourceTree = "<group>";
		};
		391A82F91C9D5E79000E95FB /* Network */ = {
			isa = PBXGroup;
			children = (
				391A82FA1C9D5E79000E95FB /* NetworkManager.swift */,
			);
			path = Network;
			sourceTree = "<group>";
		};
		391A83081C9D7231000E95FB /* Extensions */ = {
			isa = PBXGroup;
			children = (
				391A83091C9D7231000E95FB /* String+MD5.swift */,
			);
			name = Extensions;
			path = API/Extensions;
			sourceTree = "<group>";
		};
		391A830B1C9D7642000E95FB /* Helpers */ = {
			isa = PBXGroup;
			children = (
				391A830C1C9D7658000E95FB /* HashMarvel.swift */,
			);
			path = Helpers;
			sourceTree = "<group>";
		};
		391A83121C9D7A3F000E95FB /* Layout */ = {
			isa = PBXGroup;
			children = (
				391A83131C9D7A4F000E95FB /* HeroesLayout.swift */,
			);
			path = Layout;
			sourceTree = "<group>";
		};
		391A83171C9DBF1B000E95FB /* RACUtils */ = {
			isa = PBXGroup;
			children = (
				391A83181C9DBF26000E95FB /* RAC.swift */,
			);
			path = RACUtils;
			sourceTree = "<group>";
		};
		39421A478600CE03B878CA26 /* Pods */ = {
			isa = PBXGroup;
			children = (
				200B038F0E9B2AD961F96C69 /* Pods.debug.xcconfig */,
				EF6BB0D3029FF78B85DDABFB /* Pods.release.xcconfig */,
			);
			name = Pods;
			sourceTree = "<group>";
		};
		D7D9DEF1E35F7170BC5F4C2A /* Frameworks */ = {
			isa = PBXGroup;
			children = (
				FA6A79693523EE18631DDA75 /* Pods.framework */,
			);
			name = Frameworks;
			sourceTree = "<group>";
		};
/* End PBXGroup section */

/* Begin PBXNativeTarget section */
		391A82A11C9D5109000E95FB /* AwesomeHeroes */ = {
			isa = PBXNativeTarget;
			buildConfigurationList = 391A82CA1C9D5109000E95FB /* Build configuration list for PBXNativeTarget "AwesomeHeroes" */;
			buildPhases = (
				F31F3098399C07EBB2B0CB7A /* Check Pods Manifest.lock */,
				391A829E1C9D5109000E95FB /* Sources */,
				391A829F1C9D5109000E95FB /* Frameworks */,
				391A82A01C9D5109000E95FB /* Resources */,
				391A82E21C9D5906000E95FB /* ShellScript */,
				63B68FDD873358F3D759FD60 /* Embed Pods Frameworks */,
				6705CE6E02ADA339E1EC29FB /* Copy Pods Resources */,
			);
			buildRules = (
			);
			dependencies = (
			);
			name = AwesomeHeroes;
			productName = AwesomeHeroes;
			productReference = 391A82A21C9D5109000E95FB /* AwesomeHeroes.app */;
			productType = "com.apple.product-type.application";
		};
		391A82B51C9D5109000E95FB /* AwesomeHeroesTests */ = {
			isa = PBXNativeTarget;
			buildConfigurationList = 391A82CD1C9D5109000E95FB /* Build configuration list for PBXNativeTarget "AwesomeHeroesTests" */;
			buildPhases = (
				391A82B21C9D5109000E95FB /* Sources */,
				391A82B31C9D5109000E95FB /* Frameworks */,
				391A82B41C9D5109000E95FB /* Resources */,
			);
			buildRules = (
			);
			dependencies = (
				391A82B81C9D5109000E95FB /* PBXTargetDependency */,
			);
			name = AwesomeHeroesTests;
			productName = AwesomeHeroesTests;
			productReference = 391A82B61C9D5109000E95FB /* AwesomeHeroesTests.xctest */;
			productType = "com.apple.product-type.bundle.unit-test";
		};
		391A82C01C9D5109000E95FB /* AwesomeHeroesUITests */ = {
			isa = PBXNativeTarget;
			buildConfigurationList = 391A82D01C9D5109000E95FB /* Build configuration list for PBXNativeTarget "AwesomeHeroesUITests" */;
			buildPhases = (
				391A82BD1C9D5109000E95FB /* Sources */,
				391A82BE1C9D5109000E95FB /* Frameworks */,
				391A82BF1C9D5109000E95FB /* Resources */,
			);
			buildRules = (
			);
			dependencies = (
				391A82C31C9D5109000E95FB /* PBXTargetDependency */,
			);
			name = AwesomeHeroesUITests;
			productName = AwesomeHeroesUITests;
			productReference = 391A82C11C9D5109000E95FB /* AwesomeHeroesUITests.xctest */;
			productType = "com.apple.product-type.bundle.ui-testing";
		};
/* End PBXNativeTarget section */

/* Begin PBXProject section */
		391A829A1C9D5109000E95FB /* Project object */ = {
			isa = PBXProject;
			attributes = {
				LastSwiftUpdateCheck = 0720;
				LastUpgradeCheck = 0720;
				ORGANIZATIONNAME = "Alberto Moral";
				TargetAttributes = {
					391A82A11C9D5109000E95FB = {
						CreatedOnToolsVersion = 7.2.1;
					};
					391A82B51C9D5109000E95FB = {
						CreatedOnToolsVersion = 7.2.1;
						TestTargetID = 391A82A11C9D5109000E95FB;
					};
					391A82C01C9D5109000E95FB = {
						CreatedOnToolsVersion = 7.2.1;
						TestTargetID = 391A82A11C9D5109000E95FB;
					};
				};
			};
			buildConfigurationList = 391A829D1C9D5109000E95FB /* Build configuration list for PBXProject "AwesomeHeroes" */;
			compatibilityVersion = "Xcode 3.2";
			developmentRegion = English;
			hasScannedForEncodings = 0;
			knownRegions = (
				en,
				Base,
			);
			mainGroup = 391A82991C9D5109000E95FB;
			productRefGroup = 391A82A31C9D5109000E95FB /* Products */;
			projectDirPath = "";
			projectRoot = "";
			targets = (
				391A82A11C9D5109000E95FB /* AwesomeHeroes */,
				391A82B51C9D5109000E95FB /* AwesomeHeroesTests */,
				391A82C01C9D5109000E95FB /* AwesomeHeroesUITests */,
			);
		};
/* End PBXProject section */

/* Begin PBXResourcesBuildPhase section */
		391A82A01C9D5109000E95FB /* Resources */ = {
			isa = PBXResourcesBuildPhase;
			buildActionMask = 2147483647;
			files = (
				391A82B01C9D5109000E95FB /* LaunchScreen.storyboard in Resources */,
				391A82AD1C9D5109000E95FB /* Assets.xcassets in Resources */,
				391A82AB1C9D5109000E95FB /* Main.storyboard in Resources */,
				391A82E11C9D5436000E95FB /* APIConstants.plist in Resources */,
			);
			runOnlyForDeploymentPostprocessing = 0;
		};
		391A82B41C9D5109000E95FB /* Resources */ = {
			isa = PBXResourcesBuildPhase;
			buildActionMask = 2147483647;
			files = (
			);
			runOnlyForDeploymentPostprocessing = 0;
		};
		391A82BF1C9D5109000E95FB /* Resources */ = {
			isa = PBXResourcesBuildPhase;
			buildActionMask = 2147483647;
			files = (
			);
			runOnlyForDeploymentPostprocessing = 0;
		};
/* End PBXResourcesBuildPhase section */

/* Begin PBXShellScriptBuildPhase section */
		391A82E21C9D5906000E95FB /* ShellScript */ = {
			isa = PBXShellScriptBuildPhase;
			buildActionMask = 2147483647;
			files = (
			);
			inputPaths = (
				"$(SRCROOT)/Carthage/Build/iOS/ObjectMapper.framework",
				"$(SRCROOT)/Carthage/Build/iOS/ReactiveCocoa.framework",
				"$(SRCROOT)/Carthage/Build/iOS/Result.framework",
			);
			outputPaths = (
			);
			runOnlyForDeploymentPostprocessing = 0;
			shellPath = /bin/sh;
			shellScript = "/usr/local/bin/carthage copy-frameworks";
		};
		63B68FDD873358F3D759FD60 /* Embed Pods Frameworks */ = {
			isa = PBXShellScriptBuildPhase;
			buildActionMask = 2147483647;
			files = (
			);
			inputPaths = (
			);
			name = "Embed Pods Frameworks";
			outputPaths = (
			);
			runOnlyForDeploymentPostprocessing = 0;
			shellPath = /bin/sh;
			shellScript = "\"${SRCROOT}/Pods/Target Support Files/Pods/Pods-frameworks.sh\"\n";
			showEnvVarsInLog = 0;
		};
		6705CE6E02ADA339E1EC29FB /* Copy Pods Resources */ = {
			isa = PBXShellScriptBuildPhase;
			buildActionMask = 2147483647;
			files = (
			);
			inputPaths = (
			);
			name = "Copy Pods Resources";
			outputPaths = (
			);
			runOnlyForDeploymentPostprocessing = 0;
			shellPath = /bin/sh;
			shellScript = "\"${SRCROOT}/Pods/Target Support Files/Pods/Pods-resources.sh\"\n";
			showEnvVarsInLog = 0;
		};
		F31F3098399C07EBB2B0CB7A /* Check Pods Manifest.lock */ = {
			isa = PBXShellScriptBuildPhase;
			buildActionMask = 2147483647;
			files = (
			);
			inputPaths = (
			);
			name = "Check Pods Manifest.lock";
			outputPaths = (
			);
			runOnlyForDeploymentPostprocessing = 0;
			shellPath = /bin/sh;
			shellScript = "diff \"${PODS_ROOT}/../Podfile.lock\" \"${PODS_ROOT}/Manifest.lock\" > /dev/null\nif [[ $? != 0 ]] ; then\n    cat << EOM\nerror: The sandbox is not in sync with the Podfile.lock. Run 'pod install' or update your CocoaPods installation.\nEOM\n    exit 1\nfi\n";
			showEnvVarsInLog = 0;
		};
/* End PBXShellScriptBuildPhase section */

/* Begin PBXSourcesBuildPhase section */
		391A829E1C9D5109000E95FB /* Sources */ = {
			isa = PBXSourcesBuildPhase;
			buildActionMask = 2147483647;
			files = (
				391A83111C9D7A1B000E95FB /* HeroCell.swift in Sources */,
				391A83141C9D7A4F000E95FB /* HeroesLayout.swift in Sources */,
				391A830A1C9D7231000E95FB /* String+MD5.swift in Sources */,
				391A83051C9D709A000E95FB /* MarvelProductionInfo.swift in Sources */,
				391A82DD1C9D531D000E95FB /* HeroesCollectionViewController.swift in Sources */,
				391A82FB1C9D5E79000E95FB /* NetworkManager.swift in Sources */,
				391A83191C9DBF26000E95FB /* RAC.swift in Sources */,
				391A82A61C9D5109000E95FB /* AppDelegate.swift in Sources */,
				391A82FF1C9D61A0000E95FB /* CharactersModelInfo.swift in Sources */,
				391A82F11C9D5B44000E95FB /* CharacterModel.swift in Sources */,
				391A82F51C9D5E47000E95FB /* CharactersManager.swift in Sources */,
				391A830F1C9D78DB000E95FB /* HeroesCollectionViewModel.swift in Sources */,
				391A82EF1C9D5B2A000E95FB /* CharactersModel.swift in Sources */,
				391A82F81C9D5E72000E95FB /* ParserManager.swift in Sources */,
				391A830D1C9D7658000E95FB /* HashMarvel.swift in Sources */,
				391A82FD1C9D6013000E95FB /* API.swift in Sources */,
				391A83161C9D8924000E95FB /* CharacterThumbnailModel.swift in Sources */,
				391A831B1C9DC191000E95FB /* HeroCellViewModel.swift in Sources */,
				391A82DF1C9D5408000E95FB /* APIConstantsManager.swift in Sources */,
			);
			runOnlyForDeploymentPostprocessing = 0;
		};
		391A82B21C9D5109000E95FB /* Sources */ = {
			isa = PBXSourcesBuildPhase;
			buildActionMask = 2147483647;
			files = (
				391A82BB1C9D5109000E95FB /* AwesomeHeroesTests.swift in Sources */,
			);
			runOnlyForDeploymentPostprocessing = 0;
		};
		391A82BD1C9D5109000E95FB /* Sources */ = {
			isa = PBXSourcesBuildPhase;
			buildActionMask = 2147483647;
			files = (
				391A82C61C9D5109000E95FB /* AwesomeHeroesUITests.swift in Sources */,
			);
			runOnlyForDeploymentPostprocessing = 0;
		};
/* End PBXSourcesBuildPhase section */

/* Begin PBXTargetDependency section */
		391A82B81C9D5109000E95FB /* PBXTargetDependency */ = {
			isa = PBXTargetDependency;
			target = 391A82A11C9D5109000E95FB /* AwesomeHeroes */;
			targetProxy = 391A82B71C9D5109000E95FB /* PBXContainerItemProxy */;
		};
		391A82C31C9D5109000E95FB /* PBXTargetDependency */ = {
			isa = PBXTargetDependency;
			target = 391A82A11C9D5109000E95FB /* AwesomeHeroes */;
			targetProxy = 391A82C21C9D5109000E95FB /* PBXContainerItemProxy */;
		};
/* End PBXTargetDependency section */

/* Begin PBXVariantGroup section */
		391A82A91C9D5109000E95FB /* Main.storyboard */ = {
			isa = PBXVariantGroup;
			children = (
				391A82AA1C9D5109000E95FB /* Base */,
			);
			name = Main.storyboard;
			sourceTree = "<group>";
		};
		391A82AE1C9D5109000E95FB /* LaunchScreen.storyboard */ = {
			isa = PBXVariantGroup;
			children = (
				391A82AF1C9D5109000E95FB /* Base */,
			);
			name = LaunchScreen.storyboard;
			sourceTree = "<group>";
		};
/* End PBXVariantGroup section */

/* Begin XCBuildConfiguration section */
		391A82C81C9D5109000E95FB /* Debug */ = {
			isa = XCBuildConfiguration;
			buildSettings = {
				ALWAYS_SEARCH_USER_PATHS = NO;
				CLANG_CXX_LANGUAGE_STANDARD = "gnu++0x";
				CLANG_CXX_LIBRARY = "libc++";
				CLANG_ENABLE_MODULES = YES;
				CLANG_ENABLE_OBJC_ARC = YES;
				CLANG_WARN_BOOL_CONVERSION = YES;
				CLANG_WARN_CONSTANT_CONVERSION = YES;
				CLANG_WARN_DIRECT_OBJC_ISA_USAGE = YES_ERROR;
				CLANG_WARN_EMPTY_BODY = YES;
				CLANG_WARN_ENUM_CONVERSION = YES;
				CLANG_WARN_INT_CONVERSION = YES;
				CLANG_WARN_OBJC_ROOT_CLASS = YES_ERROR;
				CLANG_WARN_UNREACHABLE_CODE = YES;
				CLANG_WARN__DUPLICATE_METHOD_MATCH = YES;
				"CODE_SIGN_IDENTITY[sdk=iphoneos*]" = "iPhone Developer";
				COPY_PHASE_STRIP = NO;
				DEBUG_INFORMATION_FORMAT = dwarf;
				ENABLE_STRICT_OBJC_MSGSEND = YES;
				ENABLE_TESTABILITY = YES;
				GCC_C_LANGUAGE_STANDARD = gnu99;
				GCC_DYNAMIC_NO_PIC = NO;
				GCC_NO_COMMON_BLOCKS = YES;
				GCC_OPTIMIZATION_LEVEL = 0;
				GCC_PREPROCESSOR_DEFINITIONS = (
					"DEBUG=1",
					"$(inherited)",
				);
				GCC_WARN_64_TO_32_BIT_CONVERSION = YES;
				GCC_WARN_ABOUT_RETURN_TYPE = YES_ERROR;
				GCC_WARN_UNDECLARED_SELECTOR = YES;
				GCC_WARN_UNINITIALIZED_AUTOS = YES_AGGRESSIVE;
				GCC_WARN_UNUSED_FUNCTION = YES;
				GCC_WARN_UNUSED_VARIABLE = YES;
				IPHONEOS_DEPLOYMENT_TARGET = 9.2;
				MTL_ENABLE_DEBUG_INFO = YES;
				ONLY_ACTIVE_ARCH = YES;
				SDKROOT = iphoneos;
				SWIFT_OPTIMIZATION_LEVEL = "-Onone";
				TARGETED_DEVICE_FAMILY = "1,2";
			};
			name = Debug;
		};
		391A82C91C9D5109000E95FB /* Release */ = {
			isa = XCBuildConfiguration;
			buildSettings = {
				ALWAYS_SEARCH_USER_PATHS = NO;
				CLANG_CXX_LANGUAGE_STANDARD = "gnu++0x";
				CLANG_CXX_LIBRARY = "libc++";
				CLANG_ENABLE_MODULES = YES;
				CLANG_ENABLE_OBJC_ARC = YES;
				CLANG_WARN_BOOL_CONVERSION = YES;
				CLANG_WARN_CONSTANT_CONVERSION = YES;
				CLANG_WARN_DIRECT_OBJC_ISA_USAGE = YES_ERROR;
				CLANG_WARN_EMPTY_BODY = YES;
				CLANG_WARN_ENUM_CONVERSION = YES;
				CLANG_WARN_INT_CONVERSION = YES;
				CLANG_WARN_OBJC_ROOT_CLASS = YES_ERROR;
				CLANG_WARN_UNREACHABLE_CODE = YES;
				CLANG_WARN__DUPLICATE_METHOD_MATCH = YES;
				"CODE_SIGN_IDENTITY[sdk=iphoneos*]" = "iPhone Developer";
				COPY_PHASE_STRIP = NO;
				DEBUG_INFORMATION_FORMAT = "dwarf-with-dsym";
				ENABLE_NS_ASSERTIONS = NO;
				ENABLE_STRICT_OBJC_MSGSEND = YES;
				GCC_C_LANGUAGE_STANDARD = gnu99;
				GCC_NO_COMMON_BLOCKS = YES;
				GCC_WARN_64_TO_32_BIT_CONVERSION = YES;
				GCC_WARN_ABOUT_RETURN_TYPE = YES_ERROR;
				GCC_WARN_UNDECLARED_SELECTOR = YES;
				GCC_WARN_UNINITIALIZED_AUTOS = YES_AGGRESSIVE;
				GCC_WARN_UNUSED_FUNCTION = YES;
				GCC_WARN_UNUSED_VARIABLE = YES;
				IPHONEOS_DEPLOYMENT_TARGET = 9.2;
				MTL_ENABLE_DEBUG_INFO = NO;
				SDKROOT = iphoneos;
				TARGETED_DEVICE_FAMILY = "1,2";
				VALIDATE_PRODUCT = YES;
			};
			name = Release;
		};
		391A82CB1C9D5109000E95FB /* Debug */ = {
			isa = XCBuildConfiguration;
			baseConfigurationReference = 200B038F0E9B2AD961F96C69 /* Pods.debug.xcconfig */;
			buildSettings = {
				ASSETCATALOG_COMPILER_APPICON_NAME = AppIcon;
				CLANG_ENABLE_MODULES = YES;
				FRAMEWORK_SEARCH_PATHS = (
					"$(inherited)",
					"$(PROJECT_DIR)/Carthage/Build/iOS",
				);
				INFOPLIST_FILE = AwesomeHeroes/Info.plist;
				LD_RUNPATH_SEARCH_PATHS = "$(inherited) @executable_path/Frameworks";
				PRODUCT_BUNDLE_IDENTIFIER = com.albertomoral.AwesomeHeroes;
				PRODUCT_NAME = "$(TARGET_NAME)";
				SWIFT_OBJC_BRIDGING_HEADER = "AwesomeHeroes/AwesomeHeroes-Bridging-Header.h";
				SWIFT_OPTIMIZATION_LEVEL = "-Onone";
			};
			name = Debug;
		};
		391A82CC1C9D5109000E95FB /* Release */ = {
			isa = XCBuildConfiguration;
			baseConfigurationReference = EF6BB0D3029FF78B85DDABFB /* Pods.release.xcconfig */;
			buildSettings = {
				ASSETCATALOG_COMPILER_APPICON_NAME = AppIcon;
				CLANG_ENABLE_MODULES = YES;
				FRAMEWORK_SEARCH_PATHS = (
					"$(inherited)",
					"$(PROJECT_DIR)/Carthage/Build/iOS",
				);
				INFOPLIST_FILE = AwesomeHeroes/Info.plist;
				LD_RUNPATH_SEARCH_PATHS = "$(inherited) @executable_path/Frameworks";
				PRODUCT_BUNDLE_IDENTIFIER = com.albertomoral.AwesomeHeroes;
				PRODUCT_NAME = "$(TARGET_NAME)";
				SWIFT_OBJC_BRIDGING_HEADER = "AwesomeHeroes/AwesomeHeroes-Bridging-Header.h";
			};
			name = Release;
		};
		391A82CE1C9D5109000E95FB /* Debug */ = {
			isa = XCBuildConfiguration;
			buildSettings = {
				BUNDLE_LOADER = "$(TEST_HOST)";
				INFOPLIST_FILE = AwesomeHeroesTests/Info.plist;
				LD_RUNPATH_SEARCH_PATHS = "$(inherited) @executable_path/Frameworks @loader_path/Frameworks";
				PRODUCT_BUNDLE_IDENTIFIER = com.albertomoral.AwesomeHeroesTests;
				PRODUCT_NAME = "$(TARGET_NAME)";
				TEST_HOST = "$(BUILT_PRODUCTS_DIR)/AwesomeHeroes.app/AwesomeHeroes";
			};
			name = Debug;
		};
		391A82CF1C9D5109000E95FB /* Release */ = {
			isa = XCBuildConfiguration;
			buildSettings = {
				BUNDLE_LOADER = "$(TEST_HOST)";
				INFOPLIST_FILE = AwesomeHeroesTests/Info.plist;
				LD_RUNPATH_SEARCH_PATHS = "$(inherited) @executable_path/Frameworks @loader_path/Frameworks";
				PRODUCT_BUNDLE_IDENTIFIER = com.albertomoral.AwesomeHeroesTests;
				PRODUCT_NAME = "$(TARGET_NAME)";
				TEST_HOST = "$(BUILT_PRODUCTS_DIR)/AwesomeHeroes.app/AwesomeHeroes";
			};
			name = Release;
		};
		391A82D11C9D5109000E95FB /* Debug */ = {
			isa = XCBuildConfiguration;
			buildSettings = {
				INFOPLIST_FILE = AwesomeHeroesUITests/Info.plist;
				LD_RUNPATH_SEARCH_PATHS = "$(inherited) @executable_path/Frameworks @loader_path/Frameworks";
				PRODUCT_BUNDLE_IDENTIFIER = com.albertomoral.AwesomeHeroesUITests;
				PRODUCT_NAME = "$(TARGET_NAME)";
				TEST_TARGET_NAME = AwesomeHeroes;
				USES_XCTRUNNER = YES;
			};
			name = Debug;
		};
		391A82D21C9D5109000E95FB /* Release */ = {
			isa = XCBuildConfiguration;
			buildSettings = {
				INFOPLIST_FILE = AwesomeHeroesUITests/Info.plist;
				LD_RUNPATH_SEARCH_PATHS = "$(inherited) @executable_path/Frameworks @loader_path/Frameworks";
				PRODUCT_BUNDLE_IDENTIFIER = com.albertomoral.AwesomeHeroesUITests;
				PRODUCT_NAME = "$(TARGET_NAME)";
				TEST_TARGET_NAME = AwesomeHeroes;
				USES_XCTRUNNER = YES;
			};
			name = Release;
		};
/* End XCBuildConfiguration section */

/* Begin XCConfigurationList section */
		391A829D1C9D5109000E95FB /* Build configuration list for PBXProject "AwesomeHeroes" */ = {
			isa = XCConfigurationList;
			buildConfigurations = (
				391A82C81C9D5109000E95FB /* Debug */,
				391A82C91C9D5109000E95FB /* Release */,
			);
			defaultConfigurationIsVisible = 0;
			defaultConfigurationName = Release;
		};
		391A82CA1C9D5109000E95FB /* Build configuration list for PBXNativeTarget "AwesomeHeroes" */ = {
			isa = XCConfigurationList;
			buildConfigurations = (
				391A82CB1C9D5109000E95FB /* Debug */,
				391A82CC1C9D5109000E95FB /* Release */,
			);
			defaultConfigurationIsVisible = 0;
			defaultConfigurationName = Release;
		};
		391A82CD1C9D5109000E95FB /* Build configuration list for PBXNativeTarget "AwesomeHeroesTests" */ = {
			isa = XCConfigurationList;
			buildConfigurations = (
				391A82CE1C9D5109000E95FB /* Debug */,
				391A82CF1C9D5109000E95FB /* Release */,
			);
			defaultConfigurationIsVisible = 0;
			defaultConfigurationName = Release;
		};
		391A82D01C9D5109000E95FB /* Build configuration list for PBXNativeTarget "AwesomeHeroesUITests" */ = {
			isa = XCConfigurationList;
			buildConfigurations = (
				391A82D11C9D5109000E95FB /* Debug */,
				391A82D21C9D5109000E95FB /* Release */,
			);
			defaultConfigurationIsVisible = 0;
			defaultConfigurationName = Release;
		};
/* End XCConfigurationList section */
	};
	rootObject = 391A829A1C9D5109000E95FB /* Project object */;
}
